
Microsoft Visual Studio Solution File, Format Version 12.00
# Visual Studio Version 16
VisualStudioVersion = 16.0.30523.141
MinimumVisualStudioVersion = 10.0.40219.1
Project("{FAE04EC0-301F-11D3-BF4B-00C04F79EFBC}") = "KnowledgebaseSync", "KnowledgebaseSync\KnowledgebaseSync.csproj", "{7048545E-3A2D-477A-82AD-17A5D3A9864B}"
EndProject
Project("{FAE04EC0-301F-11D3-BF4B-00C04F79EFBC}") = "KbSyncDevTool", "KbSyncDevTool\KbSyncDevTool.csproj", "{46E72C1A-8BC3-4CA2-8F15-741EFFA10EEF}"
EndProject
Global
	GlobalSection(SolutionConfigurationPlatforms) = preSolution
		Debug|Any CPU = Debug|Any CPU
		Release|Any CPU = Release|Any CPU
	EndGlobalSection
	GlobalSection(ProjectConfigurationPlatforms) = postSolution
		{7048545E-3A2D-477A-82AD-17A5D3A9864B}.Debug|Any CPU.ActiveCfg = Debug|Any CPU
		{7048545E-3A2D-477A-82AD-17A5D3A9864B}.Debug|Any CPU.Build.0 = Debug|Any CPU
		{7048545E-3A2D-477A-82AD-17A5D3A9864B}.Release|Any CPU.ActiveCfg = Release|Any CPU
		{7048545E-3A2D-477A-82AD-17A5D3A9864B}.Release|Any CPU.Build.0 = Release|Any CPU
		{46E72C1A-8BC3-4CA2-8F15-741EFFA10EEF}.Debug|Any CPU.ActiveCfg = Debug|Any CPU
		{46E72C1A-8BC3-4CA2-8F15-741EFFA10EEF}.Debug|Any CPU.Build.0 = Debug|Any CPU
		{46E72C1A-8BC3-4CA2-8F15-741EFFA10EEF}.Release|Any CPU.ActiveCfg = Release|Any CPU
		{46E72C1A-8BC3-4CA2-8F15-741EFFA10EEF}.Release|Any CPU.Build.0 = Release|Any CPU
	EndGlobalSection
	GlobalSection(SolutionProperties) = preSolution
		HideSolutionNode = FALSE
	EndGlobalSection
	GlobalSection(ExtensibilityGlobals) = postSolution
		SolutionGuid = {64658527-76FD-4AC9-BDF3-BFE7E522C9F1}
	EndGlobalSection
EndGlobal
